
Microsoft Visual Studio Solution File, Format Version 12.00
# Visual Studio Version 17
VisualStudioVersion = 17.9.34728.123
MinimumVisualStudioVersion = 10.0.40219.1
Project("{9A19103F-16F7-4668-BE54-9A1E7A4F7556}") = "VL.TUI", "VL.TUI.csproj", "{1EFF7F3E-CCD3-40B1-9EF3-FD2AD1ED676A}"
EndProject
Global
	GlobalSection(SolutionConfigurationPlatforms) = preSolution
		Debug|Any CPU = Debug|Any CPU
		Release|Any CPU = Release|Any CPU
	EndGlobalSection
	GlobalSection(ProjectConfigurationPlatforms) = postSolution
		{1EFF7F3E-CCD3-40B1-9EF3-FD2AD1ED676A}.Debug|Any CPU.ActiveCfg = Debug|Any CPU
		{1EFF7F3E-CCD3-40B1-9EF3-FD2AD1ED676A}.Debug|Any CPU.Build.0 = Debug|Any CPU
		{1EFF7F3E-CCD3-40B1-9EF3-FD2AD1ED676A}.Release|Any CPU.ActiveCfg = Release|Any CPU
		{1EFF7F3E-CCD3-40B1-9EF3-FD2AD1ED676A}.Release|Any CPU.Build.0 = Release|Any CPU
	EndGlobalSection
	GlobalSection(SolutionProperties) = preSolution
		HideSolutionNode = FALSE
	EndGlobalSection
	GlobalSection(ExtensibilityGlobals) = postSolution
		SolutionGuid = {B4555829-1B18-46AA-9C33-42CA4F4E24A9}
	EndGlobalSection
EndGlobal
